
Microsoft Visual Studio Solution File, Format Version 12.00
Project("{FAE04EC0-301F-11D3-BF4B-00C04F79EFBC}") = "MidtermExam1", "MidtermExam1\MidtermExam1.csproj", "{BF83C447-A36C-40C4-8F39-F990DB254F47}"
EndProject
Project("{FAE04EC0-301F-11D3-BF4B-00C04F79EFBC}") = "MidtermExam2", "MidtermExam2\MidtermExam2.csproj", "{BB7053F4-6E30-4250-BA53-23A6554A78A6}"
EndProject
Global
	GlobalSection(SolutionConfigurationPlatforms) = preSolution
		Debug|Any CPU = Debug|Any CPU
		Release|Any CPU = Release|Any CPU
	EndGlobalSection
	GlobalSection(ProjectConfigurationPlatforms) = postSolution
		{BF83C447-A36C-40C4-8F39-F990DB254F47}.Debug|Any CPU.ActiveCfg = Debug|Any CPU
		{BF83C447-A36C-40C4-8F39-F990DB254F47}.Debug|Any CPU.Build.0 = Debug|Any CPU
		{BF83C447-A36C-40C4-8F39-F990DB254F47}.Release|Any CPU.ActiveCfg = Release|Any CPU
		{BF83C447-A36C-40C4-8F39-F990DB254F47}.Release|Any CPU.Build.0 = Release|Any CPU
		{BB7053F4-6E30-4250-BA53-23A6554A78A6}.Debug|Any CPU.ActiveCfg = Debug|Any CPU
		{BB7053F4-6E30-4250-BA53-23A6554A78A6}.Debug|Any CPU.Build.0 = Debug|Any CPU
		{BB7053F4-6E30-4250-BA53-23A6554A78A6}.Release|Any CPU.ActiveCfg = Release|Any CPU
		{BB7053F4-6E30-4250-BA53-23A6554A78A6}.Release|Any CPU.Build.0 = Release|Any CPU
	EndGlobalSection
EndGlobal
